
Microsoft Visual Studio Solution File, Format Version 12.00
# Visual Studio Version 16
VisualStudioVersion = 16.0.31613.86
MinimumVisualStudioVersion = 10.0.40219.1
Project("{FAE04EC0-301F-11D3-BF4B-00C04F79EFBC}") = "HolaMundo", "HolaMundo.csproj", "{441ACE4D-3D75-4671-932A-B610E6BD9BC2}"
EndProject
Global
	GlobalSection(SolutionConfigurationPlatforms) = preSolution
		Debug|Any CPU = Debug|Any CPU
		Release|Any CPU = Release|Any CPU
	EndGlobalSection
	GlobalSection(ProjectConfigurationPlatforms) = postSolution
		{441ACE4D-3D75-4671-932A-B610E6BD9BC2}.Debug|Any CPU.ActiveCfg = Debug|Any CPU
		{441ACE4D-3D75-4671-932A-B610E6BD9BC2}.Debug|Any CPU.Build.0 = Debug|Any CPU
		{441ACE4D-3D75-4671-932A-B610E6BD9BC2}.Release|Any CPU.ActiveCfg = Release|Any CPU
		{441ACE4D-3D75-4671-932A-B610E6BD9BC2}.Release|Any CPU.Build.0 = Release|Any CPU
	EndGlobalSection
	GlobalSection(SolutionProperties) = preSolution
		HideSolutionNode = FALSE
	EndGlobalSection
	GlobalSection(ExtensibilityGlobals) = postSolution
		SolutionGuid = {E9ED22C7-D54B-487A-BAE9-24CC769D7DA3}
	EndGlobalSection
EndGlobal
