
Microsoft Visual Studio Solution File, Format Version 12.00
# Visual Studio Version 16
VisualStudioVersion = 16.0.31613.86
MinimumVisualStudioVersion = 10.0.40219.1
Project("{FAE04EC0-301F-11D3-BF4B-00C04F79EFBC}") = "ConversorDeTemperturas", "ConversorDeTemperturas.csproj", "{EF2255A4-4A46-473F-94D9-02DD47712654}"
EndProject
Global
	GlobalSection(SolutionConfigurationPlatforms) = preSolution
		Debug|Any CPU = Debug|Any CPU
		Release|Any CPU = Release|Any CPU
	EndGlobalSection
	GlobalSection(ProjectConfigurationPlatforms) = postSolution
		{EF2255A4-4A46-473F-94D9-02DD47712654}.Debug|Any CPU.ActiveCfg = Debug|Any CPU
		{EF2255A4-4A46-473F-94D9-02DD47712654}.Debug|Any CPU.Build.0 = Debug|Any CPU
		{EF2255A4-4A46-473F-94D9-02DD47712654}.Release|Any CPU.ActiveCfg = Release|Any CPU
		{EF2255A4-4A46-473F-94D9-02DD47712654}.Release|Any CPU.Build.0 = Release|Any CPU
	EndGlobalSection
	GlobalSection(SolutionProperties) = preSolution
		HideSolutionNode = FALSE
	EndGlobalSection
	GlobalSection(ExtensibilityGlobals) = postSolution
		SolutionGuid = {64CE4AAE-A501-4AEF-B3D6-FD910EFF00C2}
	EndGlobalSection
EndGlobal
