
Microsoft Visual Studio Solution File, Format Version 12.00
# Visual Studio Version 16
VisualStudioVersion = 16.0.31613.86
MinimumVisualStudioVersion = 10.0.40219.1
Project("{FAE04EC0-301F-11D3-BF4B-00C04F79EFBC}") = "Home page", "Home page.csproj", "{3E476779-54DC-46C9-8A6A-EAA789BD3342}"
EndProject
Global
	GlobalSection(SolutionConfigurationPlatforms) = preSolution
		Debug|Any CPU = Debug|Any CPU
		Release|Any CPU = Release|Any CPU
	EndGlobalSection
	GlobalSection(ProjectConfigurationPlatforms) = postSolution
		{3E476779-54DC-46C9-8A6A-EAA789BD3342}.Debug|Any CPU.ActiveCfg = Debug|Any CPU
		{3E476779-54DC-46C9-8A6A-EAA789BD3342}.Debug|Any CPU.Build.0 = Debug|Any CPU
		{3E476779-54DC-46C9-8A6A-EAA789BD3342}.Release|Any CPU.ActiveCfg = Release|Any CPU
		{3E476779-54DC-46C9-8A6A-EAA789BD3342}.Release|Any CPU.Build.0 = Release|Any CPU
	EndGlobalSection
	GlobalSection(SolutionProperties) = preSolution
		HideSolutionNode = FALSE
	EndGlobalSection
	GlobalSection(ExtensibilityGlobals) = postSolution
		SolutionGuid = {2F394AA4-B7CE-4719-B35E-C4B2F3F0B50E}
	EndGlobalSection
EndGlobal
